
Microsoft Visual Studio Solution File, Format Version 12.00
# Visual Studio Version 16
VisualStudioVersion = 16.0.29920.165
MinimumVisualStudioVersion = 10.0.40219.1
Project("{FAE04EC0-301F-11D3-BF4B-00C04F79EFBC}") = "DatagridView form", "DatagridView form\DatagridView form.csproj", "{C63C5011-5DF2-4A78-85A9-37042B032600}"
EndProject
Global
	GlobalSection(SolutionConfigurationPlatforms) = preSolution
		Debug|Any CPU = Debug|Any CPU
		Release|Any CPU = Release|Any CPU
	EndGlobalSection
	GlobalSection(ProjectConfigurationPlatforms) = postSolution
		{C63C5011-5DF2-4A78-85A9-37042B032600}.Debug|Any CPU.ActiveCfg = Debug|Any CPU
		{C63C5011-5DF2-4A78-85A9-37042B032600}.Debug|Any CPU.Build.0 = Debug|Any CPU
		{C63C5011-5DF2-4A78-85A9-37042B032600}.Release|Any CPU.ActiveCfg = Release|Any CPU
		{C63C5011-5DF2-4A78-85A9-37042B032600}.Release|Any CPU.Build.0 = Release|Any CPU
	EndGlobalSection
	GlobalSection(SolutionProperties) = preSolution
		HideSolutionNode = FALSE
	EndGlobalSection
	GlobalSection(ExtensibilityGlobals) = postSolution
		SolutionGuid = {D7DCDD23-5D61-46AD-9C8A-9FE48B5CBB89}
	EndGlobalSection
EndGlobal
